
Microsoft Visual Studio Solution File, Format Version 12.00
# Visual Studio 15
VisualStudioVersion = 15.0.28307.421
MinimumVisualStudioVersion = 10.0.40219.1
Project("{FAE04EC0-301F-11D3-BF4B-00C04F79EFBC}") = "RandomSquare", "RandomSquare\RandomSquare.csproj", "{1AEA0E98-7954-475D-BC24-027EBC43F316}"
EndProject
Global
	GlobalSection(SolutionConfigurationPlatforms) = preSolution
		Debug|Any CPU = Debug|Any CPU
		Release|Any CPU = Release|Any CPU
	EndGlobalSection
	GlobalSection(ProjectConfigurationPlatforms) = postSolution
		{1AEA0E98-7954-475D-BC24-027EBC43F316}.Debug|Any CPU.ActiveCfg = Debug|Any CPU
		{1AEA0E98-7954-475D-BC24-027EBC43F316}.Debug|Any CPU.Build.0 = Debug|Any CPU
		{1AEA0E98-7954-475D-BC24-027EBC43F316}.Release|Any CPU.ActiveCfg = Release|Any CPU
		{1AEA0E98-7954-475D-BC24-027EBC43F316}.Release|Any CPU.Build.0 = Release|Any CPU
	EndGlobalSection
	GlobalSection(SolutionProperties) = preSolution
		HideSolutionNode = FALSE
	EndGlobalSection
	GlobalSection(ExtensibilityGlobals) = postSolution
		SolutionGuid = {D59E38CE-0B11-421D-94FB-7D73DE4478C4}
	EndGlobalSection
EndGlobal
